version = 1
revision = 2
requires-python = ">=3.10"

[[package]]
name = "click"
version = "8.1.8"
source = { registry = "https://pypi.org/simple" }
dependencies = [
    { name = "colorama", marker = "sys_platform == 'win32'" },
]
sdist = { url = "https://files.pythonhosted.org/packages/b9/2e/0090cbf739cee7d23781ad4b89a9894a41538e4fcf4c31dcdd705b78eb8b/click-8.1.8.tar.gz", hash = "sha256:ed53c9d8990d83c2a27deae68e4ee337473f6330c040a31d4225c9574d16096a", size = 226593, upload_time = "2024-12-21T18:38:44.339Z" }
wheels = [
    { url = "https://files.pythonhosted.org/packages/7e/d4/7ebdbd03970677812aac39c869717059dbb71a4cfc033ca6e5221787892c/click-8.1.8-py3-none-any.whl", hash = "sha256:63c132bbbed01578a06712a2d1f497bb62d9c1c0d329b7903a866228027263b2", size = 98188, upload_time = "2024-12-21T18:38:41.666Z" },
]

[[package]]
name = "colorama"
version = "0.4.6"
source = { registry = "https://pypi.org/simple" }
sdist = { url = "https://files.pythonhosted.org/packages/d8/53/6f443c9a4a8358a93a6792e2acffb9d9d5cb0a5cfd8802644b7b1c9a02e4/colorama-0.4.6.tar.gz", hash = "sha256:08695f5cb7ed6e0531a20572697297273c47b8cae5a63ffc6d6ed5c201be6e44", size = 27697, upload_time = "2022-10-25T02:36:22.414Z" }
wheels = [
    { url = "https://files.pythonhosted.org/packages/d1/d6/3965ed04c63042e047cb6a3e6ed1a63a35087b6a609aa3a15ed8ac56c221/colorama-0.4.6-py2.py3-none-any.whl", hash = "sha256:4f1d9991f5acc0ca119f9d443620b77f9d6b33703e51011c16baf57afb285fc6", size = 25335, upload_time = "2022-10-25T02:36:20.889Z" },
]

[[package]]
name = "password-manager"
version = "0.1.0"
source = { virtual = "." }
dependencies = [
    { name = "psycopg2" },
    { name = "pyqt6" },
    { name = "pyqt6-tools" },
]

[package.metadata]
requires-dist = [
    { name = "psycopg2", specifier = ">=2.9.10" },
    { name = "pyqt6", specifier = ">=6.4.2" },
    { name = "pyqt6-tools", specifier = ">=6.4.2.3.3" },
]

[[package]]
name = "psycopg2"
version = "2.9.10"
source = { registry = "https://pypi.org/simple" }
sdist = { url = "https://files.pythonhosted.org/packages/62/51/2007ea29e605957a17ac6357115d0c1a1b60c8c984951c19419b3474cdfd/psycopg2-2.9.10.tar.gz", hash = "sha256:12ec0b40b0273f95296233e8750441339298e6a572f7039da5b260e3c8b60e11", size = 385672, upload_time = "2024-10-16T11:24:54.832Z" }
wheels = [
    { url = "https://files.pythonhosted.org/packages/0a/a9/146b6bdc0d33539a359f5e134ee6dda9173fb8121c5b96af33fa299e50c4/psycopg2-2.9.10-cp310-cp310-win32.whl", hash = "sha256:5df2b672140f95adb453af93a7d669d7a7bf0a56bcd26f1502329166f4a61716", size = 1024527, upload_time = "2024-10-16T11:18:24.43Z" },
    { url = "https://files.pythonhosted.org/packages/47/50/c509e56f725fd2572b59b69bd964edaf064deebf1c896b2452f6b46fdfb3/psycopg2-2.9.10-cp310-cp310-win_amd64.whl", hash = "sha256:c6f7b8561225f9e711a9c47087388a97fdc948211c10a4bccbf0ba68ab7b3b5a", size = 1163735, upload_time = "2024-10-16T11:18:29.586Z" },
    { url = "https://files.pythonhosted.org/packages/20/a2/c51ca3e667c34e7852157b665e3d49418e68182081060231d514dd823225/psycopg2-2.9.10-cp311-cp311-win32.whl", hash = "sha256:47c4f9875125344f4c2b870e41b6aad585901318068acd01de93f3677a6522c2", size = 1024538, upload_time = "2024-10-16T11:18:33.48Z" },
    { url = "https://files.pythonhosted.org/packages/33/39/5a9a229bb5414abeb86e33b8fc8143ab0aecce5a7f698a53e31367d30caa/psycopg2-2.9.10-cp311-cp311-win_amd64.whl", hash = "sha256:0435034157049f6846e95103bd8f5a668788dd913a7c30162ca9503fdf542cb4", size = 1163736, upload_time = "2024-10-16T11:18:36.616Z" },
    { url = "https://files.pythonhosted.org/packages/3d/16/4623fad6076448df21c1a870c93a9774ad8a7b4dd1660223b59082dd8fec/psycopg2-2.9.10-cp312-cp312-win32.whl", hash = "sha256:65a63d7ab0e067e2cdb3cf266de39663203d38d6a8ed97f5ca0cb315c73fe067", size = 1025113, upload_time = "2024-10-16T11:18:40.148Z" },
    { url = "https://files.pythonhosted.org/packages/66/de/baed128ae0fc07460d9399d82e631ea31a1f171c0c4ae18f9808ac6759e3/psycopg2-2.9.10-cp312-cp312-win_amd64.whl", hash = "sha256:4a579d6243da40a7b3182e0430493dbd55950c493d8c68f4eec0b302f6bbf20e", size = 1163951, upload_time = "2024-10-16T11:18:44.377Z" },
    { url = "https://files.pythonhosted.org/packages/ae/49/a6cfc94a9c483b1fa401fbcb23aca7892f60c7269c5ffa2ac408364f80dc/psycopg2-2.9.10-cp313-cp313-win_amd64.whl", hash = "sha256:91fd603a2155da8d0cfcdbf8ab24a2d54bca72795b90d2a3ed2b6da8d979dee2", size = 2569060, upload_time = "2025-01-04T20:09:15.28Z" },
]

[[package]]
name = "pyqt6"
version = "6.4.2"
source = { registry = "https://pypi.org/simple" }
dependencies = [
    { name = "pyqt6-qt6" },
    { name = "pyqt6-sip" },
]
sdist = { url = "https://files.pythonhosted.org/packages/c3/e0/e1b592a6253712721612e2e64a323930a724e1f5cf297ed5ec6d6c86dda1/PyQt6-6.4.2.tar.gz", hash = "sha256:740244f608fe15ee1d89695c43f31a14caeca41c4f02ac36c86dfba4a5d5813d", size = 1025595, upload_time = "2023-02-06T11:24:05.031Z" }
wheels = [
    { url = "https://files.pythonhosted.org/packages/f4/ff/b9334375470a288ad7a56e14ece9d533a512259a13705b58b5fa20596c78/PyQt6-6.4.2-cp37-abi3-macosx_10_14_universal2.whl", hash = "sha256:c128bc0f17833e324593e3db83e99470d451a197dd17ff0333927b946c935bd9", size = 11627119, upload_time = "2023-02-06T11:23:41.59Z" },
    { url = "https://files.pythonhosted.org/packages/f8/34/cadd90fc335f09a08d9f586748a50ffdfba40eba07197c0d695361f65116/PyQt6-6.4.2-cp37-abi3-manylinux_2_28_x86_64.whl", hash = "sha256:18d1daf98d9236d55102cdadafd1056f5802f3c9288fcf7238569937b71a89f0", size = 7979668, upload_time = "2023-02-06T11:23:53.179Z" },
    { url = "https://files.pythonhosted.org/packages/7a/4e/4acc0ebe1f3231217bee58ec0f90ef6bdfbd6e0b7d08420c5ddb97780288/PyQt6-6.4.2-cp37-abi3-win_amd64.whl", hash = "sha256:25bd399b4a95dce65d5f937c1aa85d3c7e14a21745ae2a4ca14c0116cd104290", size = 6400443, upload_time = "2023-02-06T11:24:02.214Z" },
]

[[package]]
name = "pyqt6-plugins"
version = "6.4.2.2.3"
source = { registry = "https://pypi.org/simple" }
dependencies = [
    { name = "click" },
    { name = "pyqt6" },
    { name = "pyqt6-qt6" },
    { name = "qt6-tools" },
]
wheels = [
    { url = "https://files.pythonhosted.org/packages/2d/fa/6b865e1e173158776593259aeacf5acc3b65303142f71c1a8a6a25e148ff/pyqt6_plugins-6.4.2.2.3-cp310-cp310-macosx_11_0_x86_64.whl", hash = "sha256:01f9ce8538894970354ee1a6084685b18076c87fc71042fc1076b29ef13f5783", size = 66101, upload_time = "2023-03-27T18:37:48.363Z" },
    { url = "https://files.pythonhosted.org/packages/f9/f4/53a3042357e47f15861df55332b9d032e4b7cb910cda01e1d359b6807b57/pyqt6_plugins-6.4.2.2.3-cp310-cp310-manylinux2014_x86_64.whl", hash = "sha256:49c2704edc09dbfd95557701d6deb287f2e1a5df7eee1345d02d234118942b0d", size = 79389, upload_time = "2023-03-27T18:37:28.356Z" },
    { url = "https://files.pythonhosted.org/packages/ec/f3/3ccea8ca1a7d886f5464c081df7d1ecacdaa3fe4f569d3b21c54959386cc/pyqt6_plugins-6.4.2.2.3-cp310-cp310-win_amd64.whl", hash = "sha256:8d021627e73de9768ab1d8e30fbe0df02b82e070e30e2990ecf2c9da5834d515", size = 72629, upload_time = "2023-03-27T18:37:03.49Z" },
    { url = "https://files.pythonhosted.org/packages/d7/80/67527901b369a74f3d8d515b56aefd8605b4210760c872d3ca720129f44e/pyqt6_plugins-6.4.2.2.3-cp311-cp311-macosx_10_14_universal2.whl", hash = "sha256:680c483d03442902fff13e519ca890d2dded4fe14d9ad9b088b5c8ce7040ec9b", size = 66022, upload_time = "2023-03-27T18:37:46.448Z" },
    { url = "https://files.pythonhosted.org/packages/60/13/25ea8ef9bb9a2180e25091ef823ae677d422b36b1413c153e53007cf7b0e/pyqt6_plugins-6.4.2.2.3-cp311-cp311-manylinux2014_x86_64.whl", hash = "sha256:0e7fc73da2272d401b60eab16b17ba123ebc58b98fdd05de12fd79bc35544c8f", size = 79386, upload_time = "2023-03-27T18:37:24.706Z" },
    { url = "https://files.pythonhosted.org/packages/ea/9e/153a339bf3c6eb699fabf7ef703e8f165275b255fc4bd7a2583a2a0ecdf8/pyqt6_plugins-6.4.2.2.3-cp311-cp311-win_amd64.whl", hash = "sha256:bca16efe5c26b1cddbfd2b66c5464f8a1ec7d7226fd95a63d32326707b0bb665", size = 72635, upload_time = "2023-03-27T18:37:19.976Z" },
]

[[package]]
name = "pyqt6-qt6"
version = "6.4.3"
source = { registry = "https://pypi.org/simple" }
wheels = [
    { url = "https://files.pythonhosted.org/packages/f6/b9/4a23503c4f8ca8b683a1339cd1187896b2d5f3552495cd08a7d30357db0b/PyQt6_Qt6-6.4.3-py3-none-macosx_10_14_x86_64.whl", hash = "sha256:b133bbc53e1cc05aafd78bfd3a577826481a976021d041c1c57d7dadc7de1c11", size = 49532802, upload_time = "2023-03-20T12:23:11.889Z" },
    { url = "https://files.pythonhosted.org/packages/55/ce/348236a9a6207329a34c61d7bda6a071ab775987ebaa25afd4a11c9a6fbd/PyQt6_Qt6-6.4.3-py3-none-macosx_11_0_arm64.whl", hash = "sha256:27cc19976c872ae7111fcab8a9e9eae8c5ec5e55bfb6938a379551148b85f5b0", size = 45558180, upload_time = "2023-03-20T12:23:51.056Z" },
    { url = "https://files.pythonhosted.org/packages/0b/e8/31763e75a00e7a910b28db323c918b41b90ffd48b63301f6eac61d349a6b/PyQt6_Qt6-6.4.3-py3-none-manylinux_2_28_x86_64.whl", hash = "sha256:96f30cca49af18f6863c66576b90f2f29987dc35397994d0575b197226c5b328", size = 64324627, upload_time = "2023-03-20T12:24:48.46Z" },
    { url = "https://files.pythonhosted.org/packages/11/cf/9102346c5ea4cc2796d1eb2214593e5b65a500b2abaad258cadfe8cb3dca/PyQt6_Qt6-6.4.3-py3-none-win_amd64.whl", hash = "sha256:b0151097aa93235676c0f83ce23916ee31ca8584bd1b45923725068404542cc2", size = 57464697, upload_time = "2023-03-20T12:25:44.284Z" },
]

[[package]]
name = "pyqt6-sip"
version = "13.10.0"
source = { registry = "https://pypi.org/simple" }
sdist = { url = "https://files.pythonhosted.org/packages/90/18/0405c54acba0c8e276dd6f0601890e6e735198218d031a6646104870fe22/pyqt6_sip-13.10.0.tar.gz", hash = "sha256:d6daa95a0bd315d9ec523b549e0ce97455f61ded65d5eafecd83ed2aa4ae5350", size = 92464, upload_time = "2025-02-02T17:14:05.839Z" }
wheels = [
    { url = "https://files.pythonhosted.org/packages/d2/a3/5162706f1d5112ca9b0c79e474f050dd37a09a3630b1daa4f0ab92f89efa/PyQt6_sip-13.10.0-cp310-cp310-macosx_10_9_universal2.whl", hash = "sha256:e7b1258963717cfae1d30e262bb784db808072a8a674d98f57c2076caaa50499", size = 110799, upload_time = "2025-02-02T17:13:26.221Z" },
    { url = "https://files.pythonhosted.org/packages/ca/ca/1ae57bbd4e91ee3167a95f0f749d5539fa4156c75e5b8104a1ec668f4f47/PyQt6_sip-13.10.0-cp310-cp310-manylinux_2_17_aarch64.manylinux2014_aarch64.whl", hash = "sha256:d27a3fed2a461f179d3cde6a74530fbad629ccaa66ed739b9544fda1932887af", size = 305460, upload_time = "2025-02-02T17:13:27.801Z" },
    { url = "https://files.pythonhosted.org/packages/d0/4c/f4de37d8908a8c0ac6855b7a30ec3bfeca2b43ed8b15f7ad54167b9d6511/PyQt6_sip-13.10.0-cp310-cp310-manylinux_2_5_x86_64.manylinux1_x86_64.whl", hash = "sha256:0422781c77b85eefd7a26f104c5998ede178a16b0fd35212664250215b6e5e4c", size = 283691, upload_time = "2025-02-02T17:13:29.073Z" },
    { url = "https://files.pythonhosted.org/packages/65/1f/7ddeacf32e60ce556b27311f274e5d8f6299352ea3d1641a878a66426dcd/PyQt6_sip-13.10.0-cp310-cp310-win_amd64.whl", hash = "sha256:f64183dde2af36515dab515f4301a5a8d9b3658b231769fa48fe6287dc52f375", size = 53437, upload_time = "2025-02-02T17:13:30.284Z" },
    { url = "https://files.pythonhosted.org/packages/7a/c4/97446339ff086ad6530af0970b6905a6930d8868214c182a0ca0e0e9638e/PyQt6_sip-13.10.0-cp311-cp311-macosx_10_9_universal2.whl", hash = "sha256:6e78fb8036b18f6258a1af0956c5a3cec1dd3d8dd5196ecd89a31b529bf40e82", size = 110770, upload_time = "2025-02-02T17:13:31.339Z" },
    { url = "https://files.pythonhosted.org/packages/2b/4b/d41d9d1a5496948426b1a30b778df1d87625245d4ba5b7aa55810f2899c5/PyQt6_sip-13.10.0-cp311-cp311-manylinux_2_17_aarch64.manylinux2014_aarch64.whl", hash = "sha256:e19d5887fa3003a635419644dfed3158cb15eb566fc27b1ed56913a5767a71dc", size = 316994, upload_time = "2025-02-02T17:13:33.26Z" },
    { url = "https://files.pythonhosted.org/packages/ff/81/62e36cddb4641c7ce6e2779e0783635555a3ecfdb50f46f9200f61af24be/PyQt6_sip-13.10.0-cp311-cp311-manylinux_2_5_x86_64.manylinux1_x86_64.whl", hash = "sha256:079bb946edc3960f08d92b3a8eebff55d3abb51bc2a0583b6683dfd9f77a616a", size = 293804, upload_time = "2025-02-02T17:13:35.719Z" },
    { url = "https://files.pythonhosted.org/packages/2f/4d/23e9e23a331d5a608217349c931b1d9b5cf9419640033e73ae9895e7f5bd/PyQt6_sip-13.10.0-cp311-cp311-win_amd64.whl", hash = "sha256:90974f5dbba1f5d1d2ca9b1cfdfd5258e5e3cfacead03f0df674d54c69973ea7", size = 53444, upload_time = "2025-02-02T17:13:37.672Z" },
    { url = "https://files.pythonhosted.org/packages/2a/0c/2caff1607ddf7dcb8d53f1657160d3b334a8e9d9a9bf700e79971677ab89/PyQt6_sip-13.10.0-cp311-cp311-win_arm64.whl", hash = "sha256:bbefd5539eeda4dec37e8b6dfc362ba240ec31279060336bcceaff572807dac8", size = 45057, upload_time = "2025-02-02T17:13:39.512Z" },
    { url = "https://files.pythonhosted.org/packages/69/81/66d9bdacb790592a0641378749a047f12e3b254cdc2cb51f7ed636cf01d2/PyQt6_sip-13.10.0-cp312-cp312-macosx_10_9_universal2.whl", hash = "sha256:48791db2914fc39c3218519a02d2a5fd3fcd354a1be3141a57bf2880701486f2", size = 112334, upload_time = "2025-02-02T17:13:40.663Z" },
    { url = "https://files.pythonhosted.org/packages/26/2c/4796c209009a018e0d4a5c406d5a519234c5a378f370dc679d0ad5f455b2/PyQt6_sip-13.10.0-cp312-cp312-manylinux_2_17_aarch64.manylinux2014_aarch64.whl", hash = "sha256:466d6b4791973c9fcbdc2e0087ed194b9ea802a8c3948867a849498f0841c70c", size = 322334, upload_time = "2025-02-02T17:13:42.688Z" },
    { url = "https://files.pythonhosted.org/packages/99/34/2ec54bd475f0a811df1d32be485f2344cf9e8b388ce7adb26b46ce5552d4/PyQt6_sip-13.10.0-cp312-cp312-manylinux_2_5_x86_64.manylinux1_x86_64.whl", hash = "sha256:ae15358941f127cd3d1ab09c1ebd45c4dabb0b2e91587b9eebde0279d0039c54", size = 303798, upload_time = "2025-02-02T17:13:46.366Z" },
    { url = "https://files.pythonhosted.org/packages/0c/e4/82099bb4ab8bc152b5718541e93c0b3adf7566c0f307c9e58e2368b8c517/PyQt6_sip-13.10.0-cp312-cp312-win_amd64.whl", hash = "sha256:ad573184fa8b00041944e5a17d150ab0d08db2d2189e39c9373574ebab3f2e58", size = 53569, upload_time = "2025-02-02T17:13:47.502Z" },
    { url = "https://files.pythonhosted.org/packages/e3/09/90e0378887a3cb9664da77061229cf8e97e6ec25a5611b7dbc9cc3e02c78/PyQt6_sip-13.10.0-cp312-cp312-win_arm64.whl", hash = "sha256:2d579d810d0047d40bde9c6aef281d6ed218db93c9496ebc9e55b9e6f27a229d", size = 45430, upload_time = "2025-02-02T17:13:48.619Z" },
    { url = "https://files.pythonhosted.org/packages/6b/0c/8d1de48b45b565a46bf4757341f13f9b1853a7d2e6b023700f0af2c213ab/PyQt6_sip-13.10.0-cp313-cp313-macosx_10_13_universal2.whl", hash = "sha256:7b6e250c2e7c14702a623f2cc1479d7fb8db2b6eee9697cac10d06fe79c281bb", size = 112343, upload_time = "2025-02-02T17:13:49.605Z" },
    { url = "https://files.pythonhosted.org/packages/af/13/e2cc2b667a9f5d44c2d0e18fa6e1066fca3f4521dcb301f4b5374caeb33e/PyQt6_sip-13.10.0-cp313-cp313-manylinux_2_17_aarch64.manylinux2014_aarch64.whl", hash = "sha256:0fcb30756568f8cd59290f9ef2ae5ee3e72ff9cdd61a6f80c9e3d3b95ae676be", size = 322527, upload_time = "2025-02-02T17:13:50.779Z" },
    { url = "https://files.pythonhosted.org/packages/20/1a/5c6fcae85edb65cf236c9dc6d23b279b5316e94cdca1abdee6d0a217ddbb/PyQt6_sip-13.10.0-cp313-cp313-manylinux_2_5_x86_64.manylinux1_x86_64.whl", hash = "sha256:757ac52c92b2ef0b56ecc7cd763b55a62d3c14271d7ea8d03315af85a70090ff", size = 303407, upload_time = "2025-02-02T17:13:52.733Z" },
    { url = "https://files.pythonhosted.org/packages/b9/db/6924ec985be7d746772806b96ab81d24263ef72f0249f0573a82adaed75e/PyQt6_sip-13.10.0-cp313-cp313-win_amd64.whl", hash = "sha256:571900c44a3e38738d696234d94fe2043972b9de0633505451c99e2922cb6a34", size = 53580, upload_time = "2025-02-02T17:13:54.98Z" },
    { url = "https://files.pythonhosted.org/packages/77/c3/9e44729b582ee7f1d45160e8c292723156889f3e38ce6574f88d5ab8fa02/PyQt6_sip-13.10.0-cp313-cp313-win_arm64.whl", hash = "sha256:39cba2cc71cf80a99b4dc8147b43508d4716e128f9fb99f5eb5860a37f082282", size = 45446, upload_time = "2025-02-02T17:13:57.135Z" },
]

[[package]]
name = "pyqt6-tools"
version = "6.4.2.3.3"
source = { registry = "https://pypi.org/simple" }
dependencies = [
    { name = "click" },
    { name = "pyqt6" },
    { name = "pyqt6-plugins" },
    { name = "python-dotenv" },
]
wheels = [
    { url = "https://files.pythonhosted.org/packages/82/bc/dcea094a26697ba76ae73dec030dd4070836b1e7e810d304d4917518423b/pyqt6_tools-6.4.2.3.3-py3-none-any.whl", hash = "sha256:dfeea682e64fb757f447328742402682eaba9784faf25ceedbd6e38e3d8871b7", size = 29149, upload_time = "2023-03-27T19:27:00.228Z" },
]

[[package]]
name = "python-dotenv"
version = "1.1.0"
source = { registry = "https://pypi.org/simple" }
sdist = { url = "https://files.pythonhosted.org/packages/88/2c/7bb1416c5620485aa793f2de31d3df393d3686aa8a8506d11e10e13c5baf/python_dotenv-1.1.0.tar.gz", hash = "sha256:41f90bc6f5f177fb41f53e87666db362025010eb28f60a01c9143bfa33a2b2d5", size = 39920, upload_time = "2025-03-25T10:14:56.835Z" }
wheels = [
    { url = "https://files.pythonhosted.org/packages/1e/18/98a99ad95133c6a6e2005fe89faedf294a748bd5dc803008059409ac9b1e/python_dotenv-1.1.0-py3-none-any.whl", hash = "sha256:d7c01d9e2293916c18baf562d95698754b0dbbb5e74d457c45d4f6561fb9d55d", size = 20256, upload_time = "2025-03-25T10:14:55.034Z" },
]

[[package]]
name = "qt6-applications"
version = "6.4.3.2.3"
source = { registry = "https://pypi.org/simple" }
wheels = [
    { url = "https://files.pythonhosted.org/packages/14/25/dc817dad6aa15fdee6003cfbe9a96427804a451df76ca4aa65690e925f89/qt6_applications-6.4.3.2.3-py3-none-macosx_10_14_universal2.whl", hash = "sha256:aa4d1562ab154e32809045a08b7c2cd6fe86f061bbbe179eaba3580397168005", size = 173616096, upload_time = "2023-03-27T14:18:01.931Z" },
    { url = "https://files.pythonhosted.org/packages/f1/6f/2da42badc2a300fbc3fb6fae74dbfc9bbff0d865fa1174b7a54936b196d4/qt6_applications-6.4.3.2.3-py3-none-manylinux_2_17_x86_64.whl", hash = "sha256:f9c47faf46a71cf1b61b6ffd1908783454c99742fbfd59c49d523f29f035467e", size = 88486985, upload_time = "2023-03-27T14:18:42.61Z" },
    { url = "https://files.pythonhosted.org/packages/c9/39/eb4d4c22b7785cd31713a8354ca97eb2ffe95f1a8809ea06e21d762d0bc7/qt6_applications-6.4.3.2.3-py3-none-win_amd64.whl", hash = "sha256:029a24611a45fa77a403476ce1a54f3046ef4bde5cfaa5ee6477dc17f8053be2", size = 71294120, upload_time = "2023-03-27T14:18:10.738Z" },
]

[[package]]
name = "qt6-tools"
version = "6.4.3.1.3"
source = { registry = "https://pypi.org/simple" }
dependencies = [
    { name = "click" },
    { name = "qt6-applications" },
]
wheels = [
    { url = "https://files.pythonhosted.org/packages/18/5f/58fd48246779de82bd15a9cb1bface620fb7b6009ee5a5544f1a5ca39cdb/qt6_tools-6.4.3.1.3-py3-none-any.whl", hash = "sha256:dd01cdf830ec8a14f353b7f6d0b81eb4d7472b86f9fa8e872c8ed9c3465726e3", size = 13622, upload_time = "2023-03-27T15:03:23.324Z" },
]
